
Microsoft Visual Studio Solution File, Format Version 12.00
# Visual Studio Version 17
VisualStudioVersion = 17.2.32519.379
MinimumVisualStudioVersion = 10.0.40219.1
Project("{FAE04EC0-301F-11D3-BF4B-00C04F79EFBC}") = "PersonnelAccountingServer", "PersonnelAccountingServer.csproj", "{2BAC83A1-B621-446C-A278-546815704192}"
EndProject
Project("{2150E333-8FDC-42A3-9474-1A3956D46DE8}") = "Solution Items", "Solution Items", "{9FBC9287-7BD9-439B-94F8-0E3C0FF2EF07}"
	ProjectSection(SolutionItems) = preProject
		.editorconfig = .editorconfig
	EndProjectSection
EndProject
Project("{9A19103F-16F7-4668-BE54-9A1E7A4F7556}") = "PersonnelAccountingClientApp", "..\PersonnelAccountingClientApp\PersonnelAccountingClientApp.csproj", "{A899202C-EE7D-4BA4-B421-88C248010922}"
EndProject
Global
	GlobalSection(SolutionConfigurationPlatforms) = preSolution
		Debug|Any CPU = Debug|Any CPU
		Release|Any CPU = Release|Any CPU
	EndGlobalSection
	GlobalSection(ProjectConfigurationPlatforms) = postSolution
		{2BAC83A1-B621-446C-A278-546815704192}.Debug|Any CPU.ActiveCfg = Debug|Any CPU
		{2BAC83A1-B621-446C-A278-546815704192}.Debug|Any CPU.Build.0 = Debug|Any CPU
		{2BAC83A1-B621-446C-A278-546815704192}.Release|Any CPU.ActiveCfg = Release|Any CPU
		{2BAC83A1-B621-446C-A278-546815704192}.Release|Any CPU.Build.0 = Release|Any CPU
		{A899202C-EE7D-4BA4-B421-88C248010922}.Debug|Any CPU.ActiveCfg = Debug|Any CPU
		{A899202C-EE7D-4BA4-B421-88C248010922}.Debug|Any CPU.Build.0 = Debug|Any CPU
		{A899202C-EE7D-4BA4-B421-88C248010922}.Release|Any CPU.ActiveCfg = Release|Any CPU
		{A899202C-EE7D-4BA4-B421-88C248010922}.Release|Any CPU.Build.0 = Release|Any CPU
	EndGlobalSection
	GlobalSection(SolutionProperties) = preSolution
		HideSolutionNode = FALSE
	EndGlobalSection
	GlobalSection(ExtensibilityGlobals) = postSolution
		SolutionGuid = {F0F8180E-02D6-4BFC-898F-DB6434D3B5EE}
	EndGlobalSection
EndGlobal
